
Microsoft Visual Studio Solution File, Format Version 12.00
# Visual Studio Version 16
VisualStudioVersion = 16.0.32929.386
MinimumVisualStudioVersion = 10.0.40219.1
Project("{FAE04EC0-301F-11D3-BF4B-00C04F79EFBC}") = "MIlstone33", "MIlstone33\MIlstone33.csproj", "{C8E6D560-23F2-48B5-BDED-C1AC707E31E1}"
EndProject
Global
	GlobalSection(SolutionConfigurationPlatforms) = preSolution
		Debug|Any CPU = Debug|Any CPU
		Release|Any CPU = Release|Any CPU
	EndGlobalSection
	GlobalSection(ProjectConfigurationPlatforms) = postSolution
		{C8E6D560-23F2-48B5-BDED-C1AC707E31E1}.Debug|Any CPU.ActiveCfg = Debug|Any CPU
		{C8E6D560-23F2-48B5-BDED-C1AC707E31E1}.Debug|Any CPU.Build.0 = Debug|Any CPU
		{C8E6D560-23F2-48B5-BDED-C1AC707E31E1}.Release|Any CPU.ActiveCfg = Release|Any CPU
		{C8E6D560-23F2-48B5-BDED-C1AC707E31E1}.Release|Any CPU.Build.0 = Release|Any CPU
	EndGlobalSection
	GlobalSection(SolutionProperties) = preSolution
		HideSolutionNode = FALSE
	EndGlobalSection
	GlobalSection(ExtensibilityGlobals) = postSolution
		SolutionGuid = {C488DA18-B09C-47A8-B948-1351B99FF616}
	EndGlobalSection
EndGlobal
